
Microsoft Visual Studio Solution File, Format Version 12.00
# Visual Studio Version 17
VisualStudioVersion = 17.6.33712.159
MinimumVisualStudioVersion = 10.0.40219.1
Project("{FAE04EC0-301F-11D3-BF4B-00C04F79EFBC}") = "DevTest", "DevTest\DevTest.csproj", "{9DEDEB16-EAC7-423F-98F4-1CBA5D3FB027}"
EndProject
Global
	GlobalSection(SolutionConfigurationPlatforms) = preSolution
		Debug|Any CPU = Debug|Any CPU
		Release|Any CPU = Release|Any CPU
	EndGlobalSection
	GlobalSection(ProjectConfigurationPlatforms) = postSolution
		{9DEDEB16-EAC7-423F-98F4-1CBA5D3FB027}.Debug|Any CPU.ActiveCfg = Debug|Any CPU
		{9DEDEB16-EAC7-423F-98F4-1CBA5D3FB027}.Debug|Any CPU.Build.0 = Debug|Any CPU
		{9DEDEB16-EAC7-423F-98F4-1CBA5D3FB027}.Release|Any CPU.ActiveCfg = Release|Any CPU
		{9DEDEB16-EAC7-423F-98F4-1CBA5D3FB027}.Release|Any CPU.Build.0 = Release|Any CPU
	EndGlobalSection
	GlobalSection(SolutionProperties) = preSolution
		HideSolutionNode = FALSE
	EndGlobalSection
	GlobalSection(ExtensibilityGlobals) = postSolution
		SolutionGuid = {95381D04-2B5F-43C4-BD6A-699D3CBEE808}
	EndGlobalSection
EndGlobal
